
Microsoft Visual Studio Solution File, Format Version 12.00
# Visual Studio 15
VisualStudioVersion = 15.0.27130.2036
MinimumVisualStudioVersion = 10.0.40219.1
Project("{FAE04EC0-301F-11D3-BF4B-00C04F79EFBC}") = "SOAPBike", "WcfServiceLibrary1\SOAPBike.csproj", "{40C30592-29D6-4B56-8EB2-DD0770CE69E9}"
EndProject
Project("{2150E333-8FDC-42A3-9474-1A3956D46DE8}") = "Solution Items", "Solution Items", "{6C7CDBD1-4A49-4F66-BD1E-889E9BFC6356}"
	ProjectSection(SolutionItems) = preProject
		README.md = README.md
	EndProjectSection
EndProject
Project("{FAE04EC0-301F-11D3-BF4B-00C04F79EFBC}") = "Client_IWS", "Client_IWS\Client_IWS.csproj", "{9ED7E3AD-97A1-4813-B180-733190CB5E1B}"
	ProjectSection(ProjectDependencies) = postProject
		{40C30592-29D6-4B56-8EB2-DD0770CE69E9} = {40C30592-29D6-4B56-8EB2-DD0770CE69E9}
	EndProjectSection
EndProject
Project("{FAE04EC0-301F-11D3-BF4B-00C04F79EFBC}") = "MonitorGUI", "MonitorGUI\MonitorGUI.csproj", "{34423E40-68A0-4B00-8428-6DFD54E8D429}"
	ProjectSection(ProjectDependencies) = postProject
		{40C30592-29D6-4B56-8EB2-DD0770CE69E9} = {40C30592-29D6-4B56-8EB2-DD0770CE69E9}
	EndProjectSection
EndProject
Global
	GlobalSection(SolutionConfigurationPlatforms) = preSolution
		Debug|Any CPU = Debug|Any CPU
		Release|Any CPU = Release|Any CPU
	EndGlobalSection
	GlobalSection(ProjectConfigurationPlatforms) = postSolution
		{40C30592-29D6-4B56-8EB2-DD0770CE69E9}.Debug|Any CPU.ActiveCfg = Debug|Any CPU
		{40C30592-29D6-4B56-8EB2-DD0770CE69E9}.Debug|Any CPU.Build.0 = Debug|Any CPU
		{40C30592-29D6-4B56-8EB2-DD0770CE69E9}.Release|Any CPU.ActiveCfg = Debug|Any CPU
		{40C30592-29D6-4B56-8EB2-DD0770CE69E9}.Release|Any CPU.Build.0 = Debug|Any CPU
		{9ED7E3AD-97A1-4813-B180-733190CB5E1B}.Debug|Any CPU.ActiveCfg = Debug|Any CPU
		{9ED7E3AD-97A1-4813-B180-733190CB5E1B}.Debug|Any CPU.Build.0 = Debug|Any CPU
		{9ED7E3AD-97A1-4813-B180-733190CB5E1B}.Release|Any CPU.ActiveCfg = Release|Any CPU
		{9ED7E3AD-97A1-4813-B180-733190CB5E1B}.Release|Any CPU.Build.0 = Release|Any CPU
		{34423E40-68A0-4B00-8428-6DFD54E8D429}.Debug|Any CPU.ActiveCfg = Debug|Any CPU
		{34423E40-68A0-4B00-8428-6DFD54E8D429}.Debug|Any CPU.Build.0 = Debug|Any CPU
		{34423E40-68A0-4B00-8428-6DFD54E8D429}.Release|Any CPU.ActiveCfg = Release|Any CPU
		{34423E40-68A0-4B00-8428-6DFD54E8D429}.Release|Any CPU.Build.0 = Release|Any CPU
	EndGlobalSection
	GlobalSection(SolutionProperties) = preSolution
		HideSolutionNode = FALSE
	EndGlobalSection
	GlobalSection(ExtensibilityGlobals) = postSolution
		SolutionGuid = {8BCFC189-6910-4AA9-B9C7-81F9D0AB68D6}
	EndGlobalSection
EndGlobal
